
Microsoft Visual Studio Solution File, Format Version 12.00
# Visual Studio Version 17
VisualStudioVersion = 17.5.33530.505
MinimumVisualStudioVersion = 10.0.40219.1
Project("{FAE04EC0-301F-11D3-BF4B-00C04F79EFBC}") = "Grigorev 27 is", "Grigorev 27 is\Grigorev 27 is.csproj", "{7A70077D-ABBE-4A82-98BD-CA0416B41665}"
EndProject
Global
	GlobalSection(SolutionConfigurationPlatforms) = preSolution
		Debug|Any CPU = Debug|Any CPU
		Release|Any CPU = Release|Any CPU
	EndGlobalSection
	GlobalSection(ProjectConfigurationPlatforms) = postSolution
		{7A70077D-ABBE-4A82-98BD-CA0416B41665}.Debug|Any CPU.ActiveCfg = Debug|Any CPU
		{7A70077D-ABBE-4A82-98BD-CA0416B41665}.Debug|Any CPU.Build.0 = Debug|Any CPU
		{7A70077D-ABBE-4A82-98BD-CA0416B41665}.Release|Any CPU.ActiveCfg = Release|Any CPU
		{7A70077D-ABBE-4A82-98BD-CA0416B41665}.Release|Any CPU.Build.0 = Release|Any CPU
	EndGlobalSection
	GlobalSection(SolutionProperties) = preSolution
		HideSolutionNode = FALSE
	EndGlobalSection
	GlobalSection(ExtensibilityGlobals) = postSolution
		SolutionGuid = {83BADF04-5E11-4D0A-948E-56E149D05041}
	EndGlobalSection
EndGlobal
